
Microsoft Visual Studio Solution File, Format Version 12.00
# Visual Studio Version 17
VisualStudioVersion = 17.0.31912.275
MinimumVisualStudioVersion = 10.0.40219.1
Project("{FAE04EC0-301F-11D3-BF4B-00C04F79EFBC}") = "lab9", "lab9.csproj", "{45B5B497-27C2-4B5E-AB23-5502201CBC9A}"
EndProject
Global
	GlobalSection(SolutionConfigurationPlatforms) = preSolution
		Debug|Any CPU = Debug|Any CPU
		Release|Any CPU = Release|Any CPU
	EndGlobalSection
	GlobalSection(ProjectConfigurationPlatforms) = postSolution
		{45B5B497-27C2-4B5E-AB23-5502201CBC9A}.Debug|Any CPU.ActiveCfg = Debug|Any CPU
		{45B5B497-27C2-4B5E-AB23-5502201CBC9A}.Debug|Any CPU.Build.0 = Debug|Any CPU
		{45B5B497-27C2-4B5E-AB23-5502201CBC9A}.Release|Any CPU.ActiveCfg = Release|Any CPU
		{45B5B497-27C2-4B5E-AB23-5502201CBC9A}.Release|Any CPU.Build.0 = Release|Any CPU
	EndGlobalSection
	GlobalSection(SolutionProperties) = preSolution
		HideSolutionNode = FALSE
	EndGlobalSection
	GlobalSection(ExtensibilityGlobals) = postSolution
		SolutionGuid = {B1A712EC-EA79-48EA-9F9C-033D0434F81A}
	EndGlobalSection
EndGlobal
