
Microsoft Visual Studio Solution File, Format Version 12.00
# Visual Studio Version 17
VisualStudioVersion = 17.0.31912.275
MinimumVisualStudioVersion = 10.0.40219.1
Project("{FAE04EC0-301F-11D3-BF4B-00C04F79EFBC}") = "lab5", "lab5.csproj", "{870B8455-A948-43BF-846E-938B86DD80BE}"
EndProject
Global
	GlobalSection(SolutionConfigurationPlatforms) = preSolution
		Debug|Any CPU = Debug|Any CPU
		Release|Any CPU = Release|Any CPU
	EndGlobalSection
	GlobalSection(ProjectConfigurationPlatforms) = postSolution
		{870B8455-A948-43BF-846E-938B86DD80BE}.Debug|Any CPU.ActiveCfg = Debug|Any CPU
		{870B8455-A948-43BF-846E-938B86DD80BE}.Debug|Any CPU.Build.0 = Debug|Any CPU
		{870B8455-A948-43BF-846E-938B86DD80BE}.Release|Any CPU.ActiveCfg = Release|Any CPU
		{870B8455-A948-43BF-846E-938B86DD80BE}.Release|Any CPU.Build.0 = Release|Any CPU
	EndGlobalSection
	GlobalSection(SolutionProperties) = preSolution
		HideSolutionNode = FALSE
	EndGlobalSection
	GlobalSection(ExtensibilityGlobals) = postSolution
		SolutionGuid = {09AAE53D-EE30-4DCF-ACF5-D007E59443A8}
	EndGlobalSection
EndGlobal
